
Microsoft Visual Studio Solution File, Format Version 12.00
# Visual Studio 15
VisualStudioVersion = 15.0.27428.2037
MinimumVisualStudioVersion = 10.0.40219.1
Project("{FAE04EC0-301F-11D3-BF4B-00C04F79EFBC}") = "ConsoleApp1", "ConsoleApp1\ConsoleApp1.csproj", "{9727CFD6-F986-4F6B-8A2A-68605DEE1419}"
EndProject
Global
	GlobalSection(SolutionConfigurationPlatforms) = preSolution
		Debug|Any CPU = Debug|Any CPU
		Release|Any CPU = Release|Any CPU
	EndGlobalSection
	GlobalSection(ProjectConfigurationPlatforms) = postSolution
		{9727CFD6-F986-4F6B-8A2A-68605DEE1419}.Debug|Any CPU.ActiveCfg = Debug|Any CPU
		{9727CFD6-F986-4F6B-8A2A-68605DEE1419}.Debug|Any CPU.Build.0 = Debug|Any CPU
		{9727CFD6-F986-4F6B-8A2A-68605DEE1419}.Release|Any CPU.ActiveCfg = Release|Any CPU
		{9727CFD6-F986-4F6B-8A2A-68605DEE1419}.Release|Any CPU.Build.0 = Release|Any CPU
	EndGlobalSection
	GlobalSection(SolutionProperties) = preSolution
		HideSolutionNode = FALSE
	EndGlobalSection
	GlobalSection(ExtensibilityGlobals) = postSolution
		SolutionGuid = {566BDE48-8899-4FB1-A4D6-ECDB3D50804B}
	EndGlobalSection
EndGlobal
